
Microsoft Visual Studio Solution File, Format Version 12.00
# Visual Studio 15
VisualStudioVersion = 15.0.28307.421
MinimumVisualStudioVersion = 10.0.40219.1
Project("{FAE04EC0-301F-11D3-BF4B-00C04F79EFBC}") = "Monolitycznie", "Monolitycznie\Monolitycznie.csproj", "{E49B6DC3-0684-4CEF-AFCD-3B4C1AC9AFE5}"
EndProject
Project("{FAE04EC0-301F-11D3-BF4B-00C04F79EFBC}") = "Proceduralnie", "Proceduralnie\Proceduralnie.csproj", "{3EE7F98E-E566-4784-A998-8742DD092AEA}"
EndProject
Project("{FAE04EC0-301F-11D3-BF4B-00C04F79EFBC}") = "GraLib", "GraLib\GraLib.csproj", "{04332D36-7D81-45B5-BE79-BCAA3430CB6C}"
EndProject
Global
	GlobalSection(SolutionConfigurationPlatforms) = preSolution
		Debug|Any CPU = Debug|Any CPU
		Release|Any CPU = Release|Any CPU
	EndGlobalSection
	GlobalSection(ProjectConfigurationPlatforms) = postSolution
		{E49B6DC3-0684-4CEF-AFCD-3B4C1AC9AFE5}.Debug|Any CPU.ActiveCfg = Debug|Any CPU
		{E49B6DC3-0684-4CEF-AFCD-3B4C1AC9AFE5}.Debug|Any CPU.Build.0 = Debug|Any CPU
		{E49B6DC3-0684-4CEF-AFCD-3B4C1AC9AFE5}.Release|Any CPU.ActiveCfg = Release|Any CPU
		{E49B6DC3-0684-4CEF-AFCD-3B4C1AC9AFE5}.Release|Any CPU.Build.0 = Release|Any CPU
		{3EE7F98E-E566-4784-A998-8742DD092AEA}.Debug|Any CPU.ActiveCfg = Debug|Any CPU
		{3EE7F98E-E566-4784-A998-8742DD092AEA}.Debug|Any CPU.Build.0 = Debug|Any CPU
		{3EE7F98E-E566-4784-A998-8742DD092AEA}.Release|Any CPU.ActiveCfg = Release|Any CPU
		{3EE7F98E-E566-4784-A998-8742DD092AEA}.Release|Any CPU.Build.0 = Release|Any CPU
		{04332D36-7D81-45B5-BE79-BCAA3430CB6C}.Debug|Any CPU.ActiveCfg = Debug|Any CPU
		{04332D36-7D81-45B5-BE79-BCAA3430CB6C}.Debug|Any CPU.Build.0 = Debug|Any CPU
		{04332D36-7D81-45B5-BE79-BCAA3430CB6C}.Release|Any CPU.ActiveCfg = Release|Any CPU
		{04332D36-7D81-45B5-BE79-BCAA3430CB6C}.Release|Any CPU.Build.0 = Release|Any CPU
	EndGlobalSection
	GlobalSection(SolutionProperties) = preSolution
		HideSolutionNode = FALSE
	EndGlobalSection
	GlobalSection(ExtensibilityGlobals) = postSolution
		SolutionGuid = {F1BCA3E2-FB14-42FB-B839-A304F7E42B8B}
	EndGlobalSection
EndGlobal
